
Microsoft Visual Studio Solution File, Format Version 12.00
# Visual Studio Version 16
VisualStudioVersion = 16.0.30907.101
MinimumVisualStudioVersion = 10.0.40219.1
Project("{FAE04EC0-301F-11D3-BF4B-00C04F79EFBC}") = "CNB.Evaluation.Console", "CNB.Evaluation.Console\CNB.Evaluation.Console.csproj", "{D6767DB4-B62B-4BFE-A9B6-735EDB6D24E6}"
EndProject
Project("{FAE04EC0-301F-11D3-BF4B-00C04F79EFBC}") = "CNB.Evaluation.Core", "CNB.Evaluation.Core\CNB.Evaluation.Core.csproj", "{A9D9185F-082E-4D7C-A1DF-F336DFAD838F}"
EndProject
Project("{FAE04EC0-301F-11D3-BF4B-00C04F79EFBC}") = "CNB.Evaluation.Core.Tests", "CNB.Evaluation.Core.Tests\CNB.Evaluation.Core.Tests.csproj", "{94378241-71C0-4CC5-89BB-D1E9AB8E74BC}"
EndProject
Global
	GlobalSection(SolutionConfigurationPlatforms) = preSolution
		Debug|Any CPU = Debug|Any CPU
		Release|Any CPU = Release|Any CPU
	EndGlobalSection
	GlobalSection(ProjectConfigurationPlatforms) = postSolution
		{D6767DB4-B62B-4BFE-A9B6-735EDB6D24E6}.Debug|Any CPU.ActiveCfg = Debug|Any CPU
		{D6767DB4-B62B-4BFE-A9B6-735EDB6D24E6}.Debug|Any CPU.Build.0 = Debug|Any CPU
		{D6767DB4-B62B-4BFE-A9B6-735EDB6D24E6}.Release|Any CPU.ActiveCfg = Release|Any CPU
		{D6767DB4-B62B-4BFE-A9B6-735EDB6D24E6}.Release|Any CPU.Build.0 = Release|Any CPU
		{A9D9185F-082E-4D7C-A1DF-F336DFAD838F}.Debug|Any CPU.ActiveCfg = Debug|Any CPU
		{A9D9185F-082E-4D7C-A1DF-F336DFAD838F}.Debug|Any CPU.Build.0 = Debug|Any CPU
		{A9D9185F-082E-4D7C-A1DF-F336DFAD838F}.Release|Any CPU.ActiveCfg = Release|Any CPU
		{A9D9185F-082E-4D7C-A1DF-F336DFAD838F}.Release|Any CPU.Build.0 = Release|Any CPU
		{94378241-71C0-4CC5-89BB-D1E9AB8E74BC}.Debug|Any CPU.ActiveCfg = Debug|Any CPU
		{94378241-71C0-4CC5-89BB-D1E9AB8E74BC}.Debug|Any CPU.Build.0 = Debug|Any CPU
		{94378241-71C0-4CC5-89BB-D1E9AB8E74BC}.Release|Any CPU.ActiveCfg = Release|Any CPU
		{94378241-71C0-4CC5-89BB-D1E9AB8E74BC}.Release|Any CPU.Build.0 = Release|Any CPU
	EndGlobalSection
	GlobalSection(SolutionProperties) = preSolution
		HideSolutionNode = FALSE
	EndGlobalSection
	GlobalSection(ExtensibilityGlobals) = postSolution
		SolutionGuid = {DBA977BE-0B07-4E28-84B4-3D57DE37CE8C}
	EndGlobalSection
EndGlobal
